// !$*UTF8*$!
{
	archiveVersion = 1;
	classes = {
	};
	objectVersion = 46;
	objects = {

/* Begin PBXBuildFile section */
		13AC43891CEB7E91001E4AC3 /* AppDelegate.swift in Sources */ = {isa = PBXBuildFile; fileRef = 13AC43881CEB7E91001E4AC3 /* AppDelegate.swift */; };
		13AC438B1CEB7E91001E4AC3 /* ViewController.swift in Sources */ = {isa = PBXBuildFile; fileRef = 13AC438A1CEB7E91001E4AC3 /* ViewController.swift */; };
		13AC438E1CEB7E91001E4AC3 /* Main.storyboard in Resources */ = {isa = PBXBuildFile; fileRef = 13AC438C1CEB7E91001E4AC3 /* Main.storyboard */; };
		13AC43901CEB7E91001E4AC3 /* Assets.xcassets in Resources */ = {isa = PBXBuildFile; fileRef = 13AC438F1CEB7E91001E4AC3 /* Assets.xcassets */; };
		13AC43931CEB7E91001E4AC3 /* LaunchScreen.storyboard in Resources */ = {isa = PBXBuildFile; fileRef = 13AC43911CEB7E91001E4AC3 /* LaunchScreen.storyboard */; };
/* End PBXBuildFile section */

/* Begin PBXFileReference section */
		13AC43851CEB7E91001E4AC3 /* FancyCars.app */ = {isa = PBXFileReference; explicitFileType = wrapper.application; includeInIndex = 0; path = FancyCars.app; sourceTree = BUILT_PRODUCTS_DIR; };
		13AC43881CEB7E91001E4AC3 /* AppDelegate.swift */ = {isa = PBXFileReference; lastKnownFileType = sourcecode.swift; path = AppDelegate.swift; sourceTree = "<group>"; };
		13AC438A1CEB7E91001E4AC3 /* ViewController.swift */ = {isa = PBXFileReference; lastKnownFileType = sourcecode.swift; path = ViewController.swift; sourceTree = "<group>"; };
		13AC438D1CEB7E91001E4AC3 /* Base */ = {isa = PBXFileReference; lastKnownFileType = file.storyboard; name = Base; path = Base.lproj/Main.storyboard; sourceTree = "<group>"; };
		13AC438F1CEB7E91001E4AC3 /* Assets.xcassets */ = {isa = PBXFileReference; lastKnownFileType = folder.assetcatalog; path = Assets.xcassets; sourceTree = "<group>"; };
		13AC43921CEB7E91001E4AC3 /* Base */ = {isa = PBXFileReference; lastKnownFileType = file.storyboard; name = Base; path = Base.lproj/LaunchScreen.storyboard; sourceTree = "<group>"; };
		13AC43941CEB7E91001E4AC3 /* Info.plist */ = {isa = PBXFileReference; lastKnownFileType = text.plist.xml; path = Info.plist; sourceTree = "<group>"; };
/* End PBXFileReference section */

/* Begin PBXFrameworksBuildPhase section */
		13AC43821CEB7E91001E4AC3 /* Frameworks */ = {
			isa = PBXFrameworksBuildPhase;
			buildActionMask = 2147483647;
			files = (
			);
			runOnlyForDeploymentPostprocessing = 0;
		};
/* End PBXFrameworksBuildPhase section */

/* Begin PBXGroup section */
		13AC437C1CEB7E91001E4AC3 = {
			isa = PBXGroup;
			children = (
				13AC43871CEB7E91001E4AC3 /* FancyCars */,
				13AC43861CEB7E91001E4AC3 /* Products */,
			);
			sourceTree = "<group>";
		};
		13AC43861CEB7E91001E4AC3 /* Products */ = {
			isa = PBXGroup;
			children = (
				13AC43851CEB7E91001E4AC3 /* FancyCars.app */,
			);
			name = Products;
			sourceTree = "<group>";
		};
		13AC43871CEB7E91001E4AC3 /* FancyCars */ = {
			isa = PBXGroup;
			children = (
				13AC43881CEB7E91001E4AC3 /* AppDelegate.swift */,
				13AC438A1CEB7E91001E4AC3 /* ViewController.swift */,
				13AC438C1CEB7E91001E4AC3 /* Main.storyboard */,
				13AC438F1CEB7E91001E4AC3 /* Assets.xcassets */,
				13AC43911CEB7E91001E4AC3 /* LaunchScreen.storyboard */,
				13AC43941CEB7E91001E4AC3 /* Info.plist */,
			);
			path = FancyCars;
			sourceTree = "<group>";
		};
/* End PBXGroup section */

/* Begin PBXNativeTarget section */
		13AC43841CEB7E91001E4AC3 /* FancyCars */ = {
			isa = PBXNativeTarget;
			buildConfigurationList = 13AC43971CEB7E91001E4AC3 /* Build configuration list for PBXNativeTarget "FancyCars" */;
			buildPhases = (
				13AC43811CEB7E91001E4AC3 /* Sources */,
				13AC43821CEB7E91001E4AC3 /* Frameworks */,
				13AC43831CEB7E91001E4AC3 /* Resources */,
			);
			buildRules = (
			);
			dependencies = (
			);
			name = FancyCars;
			productName = FancyCars;
			productReference = 13AC43851CEB7E91001E4AC3 /* FancyCars.app */;
			productType = "com.apple.product-type.application";
		};
/* End PBXNativeTarget section */

/* Begin PBXProject section */
		13AC437D1CEB7E91001E4AC3 /* Project object */ = {
			isa = PBXProject;
			attributes = {
				LastSwiftUpdateCheck = 0730;
				LastUpgradeCheck = 0730;
				ORGANIZATIONNAME = "Grégoire Lhotellier";
				TargetAttributes = {
					13AC43841CEB7E91001E4AC3 = {
						CreatedOnToolsVersion = 7.3;
					};
				};
			};
			buildConfigurationList = 13AC43801CEB7E91001E4AC3 /* Build configuration list for PBXProject "FancyCars" */;
			compatibilityVersion = "Xcode 3.2";
			developmentRegion = English;
			hasScannedForEncodings = 0;
			knownRegions = (
				en,
				Base,
			);
			mainGroup = 13AC437C1CEB7E91001E4AC3;
			productRefGroup = 13AC43861CEB7E91001E4AC3 /* Products */;
			projectDirPath = "";
			projectRoot = "";
			targets = (
				13AC43841CEB7E91001E4AC3 /* FancyCars */,
			);
		};
/* End PBXProject section */

/* Begin PBXResourcesBuildPhase section */
		13AC43831CEB7E91001E4AC3 /* Resources */ = {
			isa = PBXResourcesBuildPhase;
			buildActionMask = 2147483647;
			files = (
				13AC43931CEB7E91001E4AC3 /* LaunchScreen.storyboard in Resources */,
				13AC43901CEB7E91001E4AC3 /* Assets.xcassets in Resources */,
				13AC438E1CEB7E91001E4AC3 /* Main.storyboard in Resources */,
			);
			runOnlyForDeploymentPostprocessing = 0;
		};
/* End PBXResourcesBuildPhase section */

/* Begin PBXSourcesBuildPhase section */
		13AC43811CEB7E91001E4AC3 /* Sources */ = {
			isa = PBXSourcesBuildPhase;
			buildActionMask = 2147483647;
			files = (
				13AC438B1CEB7E91001E4AC3 /* ViewController.swift in Sources */,
				13AC43891CEB7E91001E4AC3 /* AppDelegate.swift in Sources */,
			);
			runOnlyForDeploymentPostprocessing = 0;
		};
/* End PBXSourcesBuildPhase section */

/* Begin PBXVariantGroup section */
		13AC438C1CEB7E91001E4AC3 /* Main.storyboard */ = {
			isa = PBXVariantGroup;
			children = (
				13AC438D1CEB7E91001E4AC3 /* Base */,
			);
			name = Main.storyboard;
			sourceTree = "<group>";
		};
		13AC43911CEB7E91001E4AC3 /* LaunchScreen.storyboard */ = {
			isa = PBXVariantGroup;
			children = (
				13AC43921CEB7E91001E4AC3 /* Base */,
			);
			name = LaunchScreen.storyboard;
			sourceTree = "<group>";
		};
/* End PBXVariantGroup section */

/* Begin XCBuildConfiguration section */
		13AC43951CEB7E91001E4AC3 /* Debug */ = {
			isa = XCBuildConfiguration;
			buildSettings = {
				ALWAYS_SEARCH_USER_PATHS = NO;
				CLANG_ANALYZER_NONNULL = YES;
				CLANG_CXX_LANGUAGE_STANDARD = "gnu++0x";
				CLANG_CXX_LIBRARY = "libc++";
				CLANG_ENABLE_MODULES = YES;
				CLANG_ENABLE_OBJC_ARC = YES;
				CLANG_WARN_BOOL_CONVERSION = YES;
				CLANG_WARN_CONSTANT_CONVERSION = YES;
				CLANG_WARN_DIRECT_OBJC_ISA_USAGE = YES_ERROR;
				CLANG_WARN_EMPTY_BODY = YES;
				CLANG_WARN_ENUM_CONVERSION = YES;
				CLANG_WARN_INT_CONVERSION = YES;
				CLANG_WARN_OBJC_ROOT_CLASS = YES_ERROR;
				CLANG_WARN_UNREACHABLE_CODE = YES;
				CLANG_WARN__DUPLICATE_METHOD_MATCH = YES;
				"CODE_SIGN_IDENTITY[sdk=iphoneos*]" = "iPhone Developer";
				COPY_PHASE_STRIP = NO;
				DEBUG_INFORMATION_FORMAT = dwarf;
				ENABLE_STRICT_OBJC_MSGSEND = YES;
				ENABLE_TESTABILITY = YES;
				GCC_C_LANGUAGE_STANDARD = gnu99;
				GCC_DYNAMIC_NO_PIC = NO;
				GCC_NO_COMMON_BLOCKS = YES;
				GCC_OPTIMIZATION_LEVEL = 0;
				GCC_PREPROCESSOR_DEFINITIONS = (
					"DEBUG=1",
					"$(inherited)",
				);
				GCC_WARN_64_TO_32_BIT_CONVERSION = YES;
				GCC_WARN_ABOUT_RETURN_TYPE = YES_ERROR;
				GCC_WARN_UNDECLARED_SELECTOR = YES;
				GCC_WARN_UNINITIALIZED_AUTOS = YES_AGGRESSIVE;
				GCC_WARN_UNUSED_FUNCTION = YES;
				GCC_WARN_UNUSED_VARIABLE = YES;
				IPHONEOS_DEPLOYMENT_TARGET = 9.3;
				MTL_ENABLE_DEBUG_INFO = YES;
				ONLY_ACTIVE_ARCH = YES;
				SDKROOT = iphoneos;
				SWIFT_OPTIMIZATION_LEVEL = "-Onone";
				TARGETED_DEVICE_FAMILY = "1,2";
			};
			name = Debug;
		};
		13AC43961CEB7E91001E4AC3 /* Release */ = {
			isa = XCBuildConfiguration;
			buildSettings = {
				ALWAYS_SEARCH_USER_PATHS = NO;
				CLANG_ANALYZER_NONNULL = YES;
				CLANG_CXX_LANGUAGE_STANDARD = "gnu++0x";
				CLANG_CXX_LIBRARY = "libc++";
				CLANG_ENABLE_MODULES = YES;
				CLANG_ENABLE_OBJC_ARC = YES;
				CLANG_WARN_BOOL_CONVERSION = YES;
				CLANG_WARN_CONSTANT_CONVERSION = YES;
				CLANG_WARN_DIRECT_OBJC_ISA_USAGE = YES_ERROR;
				CLANG_WARN_EMPTY_BODY = YES;
				CLANG_WARN_ENUM_CONVERSION = YES;
				CLANG_WARN_INT_CONVERSION = YES;
				CLANG_WARN_OBJC_ROOT_CLASS = YES_ERROR;
				CLANG_WARN_UNREACHABLE_CODE = YES;
				CLANG_WARN__DUPLICATE_METHOD_MATCH = YES;
				"CODE_SIGN_IDENTITY[sdk=iphoneos*]" = "iPhone Developer";
				COPY_PHASE_STRIP = NO;
				DEBUG_INFORMATION_FORMAT = "dwarf-with-dsym";
				ENABLE_NS_ASSERTIONS = NO;
				ENABLE_STRICT_OBJC_MSGSEND = YES;
				GCC_C_LANGUAGE_STANDARD = gnu99;
				GCC_NO_COMMON_BLOCKS = YES;
				GCC_WARN_64_TO_32_BIT_CONVERSION = YES;
				GCC_WARN_ABOUT_RETURN_TYPE = YES_ERROR;
				GCC_WARN_UNDECLARED_SELECTOR = YES;
				GCC_WARN_UNINITIALIZED_AUTOS = YES_AGGRESSIVE;
				GCC_WARN_UNUSED_FUNCTION = YES;
				GCC_WARN_UNUSED_VARIABLE = YES;
				IPHONEOS_DEPLOYMENT_TARGET = 9.3;
				MTL_ENABLE_DEBUG_INFO = NO;
				SDKROOT = iphoneos;
				TARGETED_DEVICE_FAMILY = "1,2";
				VALIDATE_PRODUCT = YES;
			};
			name = Release;
		};
		13AC43981CEB7E91001E4AC3 /* Debug */ = {
			isa = XCBuildConfiguration;
			buildSettings = {
				ASSETCATALOG_COMPILER_APPICON_NAME = AppIcon;
				INFOPLIST_FILE = FancyCars/Info.plist;
				LD_RUNPATH_SEARCH_PATHS = "$(inherited) @executable_path/Frameworks";
				PRODUCT_BUNDLE_IDENTIFIER = com.madebykawet.FancyCars;
				PRODUCT_NAME = "$(TARGET_NAME)";
			};
			name = Debug;
		};
		13AC43991CEB7E91001E4AC3 /* Release */ = {
			isa = XCBuildConfiguration;
			buildSettings = {
				ASSETCATALOG_COMPILER_APPICON_NAME = AppIcon;
				INFOPLIST_FILE = FancyCars/Info.plist;
				LD_RUNPATH_SEARCH_PATHS = "$(inherited) @executable_path/Frameworks";
				PRODUCT_BUNDLE_IDENTIFIER = com.madebykawet.FancyCars;
				PRODUCT_NAME = "$(TARGET_NAME)";
			};
			name = Release;
		};
/* End XCBuildConfiguration section */

/* Begin XCConfigurationList section */
		13AC43801CEB7E91001E4AC3 /* Build configuration list for PBXProject "FancyCars" */ = {
			isa = XCConfigurationList;
			buildConfigurations = (
				13AC43951CEB7E91001E4AC3 /* Debug */,
				13AC43961CEB7E91001E4AC3 /* Release */,
			);
			defaultConfigurationIsVisible = 0;
			defaultConfigurationName = Release;
		};
		13AC43971CEB7E91001E4AC3 /* Build configuration list for PBXNativeTarget "FancyCars" */ = {
			isa = XCConfigurationList;
			buildConfigurations = (
				13AC43981CEB7E91001E4AC3 /* Debug */,
				13AC43991CEB7E91001E4AC3 /* Release */,
			);
			defaultConfigurationIsVisible = 0;
		};
/* End XCConfigurationList section */
	};
	rootObject = 13AC437D1CEB7E91001E4AC3 /* Project object */;
}
